
Microsoft Visual Studio Solution File, Format Version 12.00
# Visual Studio Version 16
VisualStudioVersion = 16.0.34601.136
MinimumVisualStudioVersion = 10.0.40219.1
Project("{FAE04EC0-301F-11D3-BF4B-00C04F79EFBC}") = "UlitityZam", "UlitityZam\UlitityZam.csproj", "{803D3178-1CC2-4FEA-A41E-7340AD483195}"
EndProject
Global
	GlobalSection(SolutionConfigurationPlatforms) = preSolution
		Debug|Any CPU = Debug|Any CPU
		Release|Any CPU = Release|Any CPU
	EndGlobalSection
	GlobalSection(ProjectConfigurationPlatforms) = postSolution
		{803D3178-1CC2-4FEA-A41E-7340AD483195}.Debug|Any CPU.ActiveCfg = Debug|Any CPU
		{803D3178-1CC2-4FEA-A41E-7340AD483195}.Debug|Any CPU.Build.0 = Debug|Any CPU
		{803D3178-1CC2-4FEA-A41E-7340AD483195}.Release|Any CPU.ActiveCfg = Release|Any CPU
		{803D3178-1CC2-4FEA-A41E-7340AD483195}.Release|Any CPU.Build.0 = Release|Any CPU
	EndGlobalSection
	GlobalSection(SolutionProperties) = preSolution
		HideSolutionNode = FALSE
	EndGlobalSection
	GlobalSection(ExtensibilityGlobals) = postSolution
		SolutionGuid = {FEA3095A-CD6A-405A-88B3-287C133585F3}
	EndGlobalSection
EndGlobal
